# THIS IS AN AUTOGENERATED FILE. DO NOT EDIT THIS FILE DIRECTLY.
# yarn lockfile v1


"@algolia/autocomplete-core@1.9.3":
  "integrity" "sha512-009HdfugtGCdC4JdXUbVJClA0q0zh24yyePn+KUGk3rP7j8FEe/m5Yo/z65gn6nP/cM39PxpzqKrL7A6fP6PPw=="
  "resolved" "https://registry.npmmirror.com/@algolia/autocomplete-core/-/autocomplete-core-1.9.3.tgz"
  "version" "1.9.3"
  dependencies:
    "@algolia/autocomplete-plugin-algolia-insights" "1.9.3"
    "@algolia/autocomplete-shared" "1.9.3"

"@algolia/autocomplete-plugin-algolia-insights@1.9.3":
  "integrity" "sha512-a/yTUkcO/Vyy+JffmAnTWbr4/90cLzw+CC3bRbhnULr/EM0fGNvM13oQQ14f2moLMcVDyAx/leczLlAOovhSZg=="
  "resolved" "https://registry.npmmirror.com/@algolia/autocomplete-plugin-algolia-insights/-/autocomplete-plugin-algolia-insights-1.9.3.tgz"
  "version" "1.9.3"
  dependencies:
    "@algolia/autocomplete-shared" "1.9.3"

"@algolia/autocomplete-preset-algolia@1.9.3":
  "integrity" "sha512-d4qlt6YmrLMYy95n5TB52wtNDr6EgAIPH81dvvvW8UmuWRgxEtY0NJiPwl/h95JtG2vmRM804M0DSwMCNZlzRA=="
  "resolved" "https://registry.npmmirror.com/@algolia/autocomplete-preset-algolia/-/autocomplete-preset-algolia-1.9.3.tgz"
  "version" "1.9.3"
  dependencies:
    "@algolia/autocomplete-shared" "1.9.3"

"@algolia/autocomplete-shared@1.9.3":
  "integrity" "sha512-Wnm9E4Ye6Rl6sTTqjoymD+l8DjSTHsHboVRYrKgEt8Q7UHm9nYbqhN/i0fhUYA3OAEH7WA8x3jfpnmJm3rKvaQ=="
  "resolved" "https://registry.npmmirror.com/@algolia/autocomplete-shared/-/autocomplete-shared-1.9.3.tgz"
  "version" "1.9.3"

"@algolia/cache-browser-local-storage@4.22.1":
  "integrity" "sha512-Sw6IAmOCvvP6QNgY9j+Hv09mvkvEIDKjYW8ow0UDDAxSXy664RBNQk3i/0nt7gvceOJ6jGmOTimaZoY1THmU7g=="
  "resolved" "https://registry.npmmirror.com/@algolia/cache-browser-local-storage/-/cache-browser-local-storage-4.22.1.tgz"
  "version" "4.22.1"
  dependencies:
    "@algolia/cache-common" "4.22.1"

"@algolia/cache-common@4.22.1":
  "integrity" "sha512-TJMBKqZNKYB9TptRRjSUtevJeQVXRmg6rk9qgFKWvOy8jhCPdyNZV1nB3SKGufzvTVbomAukFR8guu/8NRKBTA=="
  "resolved" "https://registry.npmmirror.com/@algolia/cache-common/-/cache-common-4.22.1.tgz"
  "version" "4.22.1"

"@algolia/cache-in-memory@4.22.1":
  "integrity" "sha512-ve+6Ac2LhwpufuWavM/aHjLoNz/Z/sYSgNIXsinGofWOysPilQZPUetqLj8vbvi+DHZZaYSEP9H5SRVXnpsNNw=="
  "resolved" "https://registry.npmmirror.com/@algolia/cache-in-memory/-/cache-in-memory-4.22.1.tgz"
  "version" "4.22.1"
  dependencies:
    "@algolia/cache-common" "4.22.1"

"@algolia/client-account@4.22.1":
  "integrity" "sha512-k8m+oegM2zlns/TwZyi4YgCtyToackkOpE+xCaKCYfBfDtdGOaVZCM5YvGPtK+HGaJMIN/DoTL8asbM3NzHonw=="
  "resolved" "https://registry.npmmirror.com/@algolia/client-account/-/client-account-4.22.1.tgz"
  "version" "4.22.1"
  dependencies:
    "@algolia/client-common" "4.22.1"
    "@algolia/client-search" "4.22.1"
    "@algolia/transporter" "4.22.1"

"@algolia/client-analytics@4.22.1":
  "integrity" "sha512-1ssi9pyxyQNN4a7Ji9R50nSdISIumMFDwKNuwZipB6TkauJ8J7ha/uO60sPJFqQyqvvI+px7RSNRQT3Zrvzieg=="
  "resolved" "https://registry.npmmirror.com/@algolia/client-analytics/-/client-analytics-4.22.1.tgz"
  "version" "4.22.1"
  dependencies:
    "@algolia/client-common" "4.22.1"
    "@algolia/client-search" "4.22.1"
    "@algolia/requester-common" "4.22.1"
    "@algolia/transporter" "4.22.1"

"@algolia/client-common@4.22.1":
  "integrity" "sha512-IvaL5v9mZtm4k4QHbBGDmU3wa/mKokmqNBqPj0K7lcR8ZDKzUorhcGp/u8PkPC/e0zoHSTvRh7TRkGX3Lm7iOQ=="
  "resolved" "https://registry.npmmirror.com/@algolia/client-common/-/client-common-4.22.1.tgz"
  "version" "4.22.1"
  dependencies:
    "@algolia/requester-common" "4.22.1"
    "@algolia/transporter" "4.22.1"

"@algolia/client-personalization@4.22.1":
  "integrity" "sha512-sl+/klQJ93+4yaqZ7ezOttMQ/nczly/3GmgZXJ1xmoewP5jmdP/X/nV5U7EHHH3hCUEHeN7X1nsIhGPVt9E1cQ=="
  "resolved" "https://registry.npmmirror.com/@algolia/client-personalization/-/client-personalization-4.22.1.tgz"
  "version" "4.22.1"
  dependencies:
    "@algolia/client-common" "4.22.1"
    "@algolia/requester-common" "4.22.1"
    "@algolia/transporter" "4.22.1"

"@algolia/client-search@>= 4.9.1 < 6", "@algolia/client-search@4.22.1":
  "integrity" "sha512-yb05NA4tNaOgx3+rOxAmFztgMTtGBi97X7PC3jyNeGiwkAjOZc2QrdZBYyIdcDLoI09N0gjtpClcackoTN0gPA=="
  "resolved" "https://registry.npmmirror.com/@algolia/client-search/-/client-search-4.22.1.tgz"
  "version" "4.22.1"
  dependencies:
    "@algolia/client-common" "4.22.1"
    "@algolia/requester-common" "4.22.1"
    "@algolia/transporter" "4.22.1"

"@algolia/logger-common@4.22.1":
  "integrity" "sha512-OnTFymd2odHSO39r4DSWRFETkBufnY2iGUZNrMXpIhF5cmFE8pGoINNPzwg02QLBlGSaLqdKy0bM8S0GyqPLBg=="
  "resolved" "https://registry.npmmirror.com/@algolia/logger-common/-/logger-common-4.22.1.tgz"
  "version" "4.22.1"

"@algolia/logger-console@4.22.1":
  "integrity" "sha512-O99rcqpVPKN1RlpgD6H3khUWylU24OXlzkavUAMy6QZd1776QAcauE3oP8CmD43nbaTjBexZj2nGsBH9Tc0FVA=="
  "resolved" "https://registry.npmmirror.com/@algolia/logger-console/-/logger-console-4.22.1.tgz"
  "version" "4.22.1"
  dependencies:
    "@algolia/logger-common" "4.22.1"

"@algolia/requester-browser-xhr@4.22.1":
  "integrity" "sha512-dtQGYIg6MteqT1Uay3J/0NDqD+UciHy3QgRbk7bNddOJu+p3hzjTRYESqEnoX/DpEkaNYdRHUKNylsqMpgwaEw=="
  "resolved" "https://registry.npmmirror.com/@algolia/requester-browser-xhr/-/requester-browser-xhr-4.22.1.tgz"
  "version" "4.22.1"
  dependencies:
    "@algolia/requester-common" "4.22.1"

"@algolia/requester-common@4.22.1":
  "integrity" "sha512-dgvhSAtg2MJnR+BxrIFqlLtkLlVVhas9HgYKMk2Uxiy5m6/8HZBL40JVAMb2LovoPFs9I/EWIoFVjOrFwzn5Qg=="
  "resolved" "https://registry.npmmirror.com/@algolia/requester-common/-/requester-common-4.22.1.tgz"
  "version" "4.22.1"

"@algolia/requester-node-http@4.22.1":
  "integrity" "sha512-JfmZ3MVFQkAU+zug8H3s8rZ6h0ahHZL/SpMaSasTCGYR5EEJsCc8SI5UZ6raPN2tjxa5bxS13BRpGSBUens7EA=="
  "resolved" "https://registry.npmmirror.com/@algolia/requester-node-http/-/requester-node-http-4.22.1.tgz"
  "version" "4.22.1"
  dependencies:
    "@algolia/requester-common" "4.22.1"

"@algolia/transporter@4.22.1":
  "integrity" "sha512-kzWgc2c9IdxMa3YqA6TN0NW5VrKYYW/BELIn7vnLyn+U/RFdZ4lxxt9/8yq3DKV5snvoDzzO4ClyejZRdV3lMQ=="
  "resolved" "https://registry.npmmirror.com/@algolia/transporter/-/transporter-4.22.1.tgz"
  "version" "4.22.1"
  dependencies:
    "@algolia/cache-common" "4.22.1"
    "@algolia/logger-common" "4.22.1"
    "@algolia/requester-common" "4.22.1"

"@babel/parser@^7.23.6":
  "integrity" "sha512-9tcKgqKbs3xGJ+NtKF2ndOBBLVwPjl1SHxPQkd36r3Dlirw3xWUeGaTbqr7uGZcTaxkVNwc+03SVP7aCdWrTlA=="
  "resolved" "https://registry.npmmirror.com/@babel/parser/-/parser-7.23.9.tgz"
  "version" "7.23.9"

"@docsearch/css@^3.3.2", "@docsearch/css@3.5.2":
  "integrity" "sha512-SPiDHaWKQZpwR2siD0KQUwlStvIAnEyK6tAE2h2Wuoq8ue9skzhlyVQ1ddzOxX6khULnAALDiR/isSF3bnuciA=="
  "resolved" "https://registry.npmmirror.com/@docsearch/css/-/css-3.5.2.tgz"
  "version" "3.5.2"

"@docsearch/js@^3.3.2":
  "integrity" "sha512-p1YFTCDflk8ieHgFJYfmyHBki1D61+U9idwrLh+GQQMrBSP3DLGKpy0XUJtPjAOPltcVbqsTjiPFfH7JImjUNg=="
  "resolved" "https://registry.npmmirror.com/@docsearch/js/-/js-3.5.2.tgz"
  "version" "3.5.2"
  dependencies:
    "@docsearch/react" "3.5.2"
    "preact" "^10.0.0"

"@docsearch/react@3.5.2":
  "integrity" "sha512-9Ahcrs5z2jq/DcAvYtvlqEBHImbm4YJI8M9y0x6Tqg598P40HTEkX7hsMcIuThI+hTFxRGZ9hll0Wygm2yEjng=="
  "resolved" "https://registry.npmmirror.com/@docsearch/react/-/react-3.5.2.tgz"
  "version" "3.5.2"
  dependencies:
    "@algolia/autocomplete-core" "1.9.3"
    "@algolia/autocomplete-preset-algolia" "1.9.3"
    "@docsearch/css" "3.5.2"
    "algoliasearch" "^4.19.1"

"@esbuild/darwin-x64@0.18.20":
  "integrity" "sha512-pc5gxlMDxzm513qPGbCbDukOdsGtKhfxD1zJKXjCCcU7ju50O7MeAZ8c4krSJcOIJGFR+qx21yMMVYwiQvyTyQ=="
  "resolved" "https://registry.npmmirror.com/@esbuild/darwin-x64/-/darwin-x64-0.18.20.tgz"
  "version" "0.18.20"

"@jridgewell/sourcemap-codec@^1.4.15":
  "integrity" "sha512-eF2rxCRulEKXHTRiDrDy6erMYWqNw4LPdQ8UQA4huuxaQsVeRPFl2oM8oDGxMFhJUWZf9McpLtJasDDZb/Bpeg=="
  "resolved" "https://registry.npmmirror.com/@jridgewell/sourcemap-codec/-/sourcemap-codec-1.4.15.tgz"
  "version" "1.4.15"

"@types/web-bluetooth@^0.0.16":
  "integrity" "sha512-oh8q2Zc32S6gd/j50GowEjKLoOVOwHP/bWVjKJInBwQqdOYMdPrf1oVlelTlyfFK3CKxL1uahMDAr+vy8T7yMQ=="
  "resolved" "https://registry.npmmirror.com/@types/web-bluetooth/-/web-bluetooth-0.0.16.tgz"
  "version" "0.0.16"

"@vitejs/plugin-vue@^4.0.0":
  "integrity" "sha512-kqf7SGFoG+80aZG6Pf+gsZIVvGSCKE98JbiWqcCV9cThtg91Jav0yvYFC9Zb+jKetNGF6ZKeoaxgZfND21fWKw=="
  "resolved" "https://registry.npmmirror.com/@vitejs/plugin-vue/-/plugin-vue-4.6.2.tgz"
  "version" "4.6.2"

"@vue/compiler-core@3.4.15":
  "integrity" "sha512-XcJQVOaxTKCnth1vCxEChteGuwG6wqnUHxAm1DO3gCz0+uXKaJNx8/digSz4dLALCy8n2lKq24jSUs8segoqIw=="
  "resolved" "https://registry.npmmirror.com/@vue/compiler-core/-/compiler-core-3.4.15.tgz"
  "version" "3.4.15"
  dependencies:
    "@babel/parser" "^7.23.6"
    "@vue/shared" "3.4.15"
    "entities" "^4.5.0"
    "estree-walker" "^2.0.2"
    "source-map-js" "^1.0.2"

"@vue/compiler-dom@3.4.15":
  "integrity" "sha512-wox0aasVV74zoXyblarOM3AZQz/Z+OunYcIHe1OsGclCHt8RsRm04DObjefaI82u6XDzv+qGWZ24tIsRAIi5MQ=="
  "resolved" "https://registry.npmmirror.com/@vue/compiler-dom/-/compiler-dom-3.4.15.tgz"
  "version" "3.4.15"
  dependencies:
    "@vue/compiler-core" "3.4.15"
    "@vue/shared" "3.4.15"

"@vue/compiler-sfc@3.4.15":
  "integrity" "sha512-LCn5M6QpkpFsh3GQvs2mJUOAlBQcCco8D60Bcqmf3O3w5a+KWS5GvYbrrJBkgvL1BDnTp+e8q0lXCLgHhKguBA=="
  "resolved" "https://registry.npmmirror.com/@vue/compiler-sfc/-/compiler-sfc-3.4.15.tgz"
  "version" "3.4.15"
  dependencies:
    "@babel/parser" "^7.23.6"
    "@vue/compiler-core" "3.4.15"
    "@vue/compiler-dom" "3.4.15"
    "@vue/compiler-ssr" "3.4.15"
    "@vue/shared" "3.4.15"
    "estree-walker" "^2.0.2"
    "magic-string" "^0.30.5"
    "postcss" "^8.4.33"
    "source-map-js" "^1.0.2"

"@vue/compiler-ssr@3.4.15":
  "integrity" "sha512-1jdeQyiGznr8gjFDadVmOJqZiLNSsMa5ZgqavkPZ8O2wjHv0tVuAEsw5hTdUoUW4232vpBbL/wJhzVW/JwY1Uw=="
  "resolved" "https://registry.npmmirror.com/@vue/compiler-ssr/-/compiler-ssr-3.4.15.tgz"
  "version" "3.4.15"
  dependencies:
    "@vue/compiler-dom" "3.4.15"
    "@vue/shared" "3.4.15"

"@vue/devtools-api@^6.5.0":
  "integrity" "sha512-+KpckaAQyfbvshdDW5xQylLni1asvNSGme1JFs8I1+/H5pHEhqUKMEQD/qn3Nx5+/nycBq11qAEi8lk+LXI2dA=="
  "resolved" "https://registry.npmmirror.com/@vue/devtools-api/-/devtools-api-6.5.1.tgz"
  "version" "6.5.1"

"@vue/reactivity@3.4.15":
  "integrity" "sha512-55yJh2bsff20K5O84MxSvXKPHHt17I2EomHznvFiJCAZpJTNW8IuLj1xZWMLELRhBK3kkFV/1ErZGHJfah7i7w=="
  "resolved" "https://registry.npmmirror.com/@vue/reactivity/-/reactivity-3.4.15.tgz"
  "version" "3.4.15"
  dependencies:
    "@vue/shared" "3.4.15"

"@vue/runtime-core@3.4.15":
  "integrity" "sha512-6E3by5m6v1AkW0McCeAyhHTw+3y17YCOKG0U0HDKDscV4Hs0kgNT5G+GCHak16jKgcCDHpI9xe5NKb8sdLCLdw=="
  "resolved" "https://registry.npmmirror.com/@vue/runtime-core/-/runtime-core-3.4.15.tgz"
  "version" "3.4.15"
  dependencies:
    "@vue/reactivity" "3.4.15"
    "@vue/shared" "3.4.15"

"@vue/runtime-dom@3.4.15":
  "integrity" "sha512-EVW8D6vfFVq3V/yDKNPBFkZKGMFSvZrUQmx196o/v2tHKdwWdiZjYUBS+0Ez3+ohRyF8Njwy/6FH5gYJ75liUw=="
  "resolved" "https://registry.npmmirror.com/@vue/runtime-dom/-/runtime-dom-3.4.15.tgz"
  "version" "3.4.15"
  dependencies:
    "@vue/runtime-core" "3.4.15"
    "@vue/shared" "3.4.15"
    "csstype" "^3.1.3"

"@vue/server-renderer@3.4.15":
  "integrity" "sha512-3HYzaidu9cHjrT+qGUuDhFYvF/j643bHC6uUN9BgM11DVy+pM6ATsG6uPBLnkwOgs7BpJABReLmpL3ZPAsUaqw=="
  "resolved" "https://registry.npmmirror.com/@vue/server-renderer/-/server-renderer-3.4.15.tgz"
  "version" "3.4.15"
  dependencies:
    "@vue/compiler-ssr" "3.4.15"
    "@vue/shared" "3.4.15"

"@vue/shared@3.4.15":
  "integrity" "sha512-KzfPTxVaWfB+eGcGdbSf4CWdaXcGDqckoeXUh7SB3fZdEtzPCK2Vq9B/lRRL3yutax/LWITz+SwvgyOxz5V75g=="
  "resolved" "https://registry.npmmirror.com/@vue/shared/-/shared-3.4.15.tgz"
  "version" "3.4.15"

"@vueuse/core@^9.12.0":
  "integrity" "sha512-pujnclbeHWxxPRqXWmdkKV5OX4Wk4YeK7wusHqRwU0Q7EFusHoqNA/aPhB6KCh9hEqJkLAJo7bb0Lh9b+OIVzw=="
  "resolved" "https://registry.npmmirror.com/@vueuse/core/-/core-9.13.0.tgz"
  "version" "9.13.0"
  dependencies:
    "@types/web-bluetooth" "^0.0.16"
    "@vueuse/metadata" "9.13.0"
    "@vueuse/shared" "9.13.0"
    "vue-demi" "*"

"@vueuse/metadata@9.13.0":
  "integrity" "sha512-gdU7TKNAUVlXXLbaF+ZCfte8BjRJQWPCa2J55+7/h+yDtzw3vOoGQDRXzI6pyKyo6bXFT5/QoPE4hAknExjRLQ=="
  "resolved" "https://registry.npmmirror.com/@vueuse/metadata/-/metadata-9.13.0.tgz"
  "version" "9.13.0"

"@vueuse/shared@9.13.0":
  "integrity" "sha512-UrnhU+Cnufu4S6JLCPZnkWh0WwZGUp72ktOF2DFptMlOs3TOdVv8xJN53zhHGARmVOsz5KqOls09+J1NR6sBKw=="
  "resolved" "https://registry.npmmirror.com/@vueuse/shared/-/shared-9.13.0.tgz"
  "version" "9.13.0"
  dependencies:
    "vue-demi" "*"

"algoliasearch@^4.19.1", "algoliasearch@>= 4.9.1 < 6":
  "integrity" "sha512-jwydKFQJKIx9kIZ8Jm44SdpigFwRGPESaxZBaHSV0XWN2yBJAOT4mT7ppvlrpA4UGzz92pqFnVKr/kaZXrcreg=="
  "resolved" "https://registry.npmmirror.com/algoliasearch/-/algoliasearch-4.22.1.tgz"
  "version" "4.22.1"
  dependencies:
    "@algolia/cache-browser-local-storage" "4.22.1"
    "@algolia/cache-common" "4.22.1"
    "@algolia/cache-in-memory" "4.22.1"
    "@algolia/client-account" "4.22.1"
    "@algolia/client-analytics" "4.22.1"
    "@algolia/client-common" "4.22.1"
    "@algolia/client-personalization" "4.22.1"
    "@algolia/client-search" "4.22.1"
    "@algolia/logger-common" "4.22.1"
    "@algolia/logger-console" "4.22.1"
    "@algolia/requester-browser-xhr" "4.22.1"
    "@algolia/requester-common" "4.22.1"
    "@algolia/requester-node-http" "4.22.1"
    "@algolia/transporter" "4.22.1"

"ansi-sequence-parser@^1.1.0":
  "integrity" "sha512-vJXt3yiaUL4UU546s3rPXlsry/RnM730G1+HkpKE012AN0sx1eOrxSu95oKDIonskeLTijMgqWZ3uDEe3NFvyg=="
  "resolved" "https://registry.npmmirror.com/ansi-sequence-parser/-/ansi-sequence-parser-1.1.1.tgz"
  "version" "1.1.1"

"argparse@^1.0.7":
  "integrity" "sha512-o5Roy6tNG4SL/FOkCAN6RzjiakZS25RLYFrcMttJqbdd8BWrnA+fGz57iN5Pb06pvBGvl5gQ0B48dJlslXvoTg=="
  "resolved" "https://registry.npmmirror.com/argparse/-/argparse-1.0.10.tgz"
  "version" "1.0.10"
  dependencies:
    "sprintf-js" "~1.0.2"

"body-scroll-lock@4.0.0-beta.0":
  "integrity" "sha512-a7tP5+0Mw3YlUJcGAKUqIBkYYGlYxk2fnCasq/FUph1hadxlTRjF+gAcZksxANnaMnALjxEddmSi/H3OR8ugcQ=="
  "resolved" "https://registry.npmmirror.com/body-scroll-lock/-/body-scroll-lock-4.0.0-beta.0.tgz"
  "version" "4.0.0-beta.0"

"csstype@^3.1.3":
  "integrity" "sha512-M1uQkMl8rQK/szD0LNhtqxIPLpimGm8sOBwU7lLnCpSbTyY3yeU1Vc7l4KT5zT4s/yOxHH5O7tIuuLOCnLADRw=="
  "resolved" "https://registry.npmmirror.com/csstype/-/csstype-3.1.3.tgz"
  "version" "3.1.3"

"entities@^4.5.0":
  "integrity" "sha512-V0hjH4dGPh9Ao5p0MoRY6BVqtwCjhz6vI5LT8AJ55H+4g9/4vbHx1I54fS0XuclLhDHArPQCiMjDxjaL8fPxhw=="
  "resolved" "https://registry.npmmirror.com/entities/-/entities-4.5.0.tgz"
  "version" "4.5.0"

"esbuild@^0.18.10":
  "integrity" "sha512-ceqxoedUrcayh7Y7ZX6NdbbDzGROiyVBgC4PriJThBKSVPWnnFHZAkfI1lJT8QFkOwH4qOS2SJkS4wvpGl8BpA=="
  "resolved" "https://registry.npmmirror.com/esbuild/-/esbuild-0.18.20.tgz"
  "version" "0.18.20"
  optionalDependencies:
    "@esbuild/android-arm" "0.18.20"
    "@esbuild/android-arm64" "0.18.20"
    "@esbuild/android-x64" "0.18.20"
    "@esbuild/darwin-arm64" "0.18.20"
    "@esbuild/darwin-x64" "0.18.20"
    "@esbuild/freebsd-arm64" "0.18.20"
    "@esbuild/freebsd-x64" "0.18.20"
    "@esbuild/linux-arm" "0.18.20"
    "@esbuild/linux-arm64" "0.18.20"
    "@esbuild/linux-ia32" "0.18.20"
    "@esbuild/linux-loong64" "0.18.20"
    "@esbuild/linux-mips64el" "0.18.20"
    "@esbuild/linux-ppc64" "0.18.20"
    "@esbuild/linux-riscv64" "0.18.20"
    "@esbuild/linux-s390x" "0.18.20"
    "@esbuild/linux-x64" "0.18.20"
    "@esbuild/netbsd-x64" "0.18.20"
    "@esbuild/openbsd-x64" "0.18.20"
    "@esbuild/sunos-x64" "0.18.20"
    "@esbuild/win32-arm64" "0.18.20"
    "@esbuild/win32-ia32" "0.18.20"
    "@esbuild/win32-x64" "0.18.20"

"esprima@^4.0.0":
  "integrity" "sha512-eGuFFw7Upda+g4p+QHvnW0RyTX/SVeJBDM/gCtMARO0cLuT2HcEKnTPvhjV6aGeqrCB/sbNop0Kszm0jsaWU4A=="
  "resolved" "https://registry.npmmirror.com/esprima/-/esprima-4.0.1.tgz"
  "version" "4.0.1"

"estree-walker@^2.0.2":
  "integrity" "sha512-Rfkk/Mp/DL7JVje3u18FxFujQlTNR2q6QfMSMB7AvCBx91NGj/ba3kCfza0f6dVDbw7YlRf/nDrn7pQrCCyQ/w=="
  "resolved" "https://registry.npmmirror.com/estree-walker/-/estree-walker-2.0.2.tgz"
  "version" "2.0.2"

"extend-shallow@^2.0.1":
  "integrity" "sha512-zCnTtlxNoAiDc3gqY2aYAWFx7XWWiasuF2K8Me5WbN8otHKTUKBwjPtNpRs/rbUZm7KxWAaNj7P1a/p52GbVug=="
  "resolved" "https://registry.npmmirror.com/extend-shallow/-/extend-shallow-2.0.1.tgz"
  "version" "2.0.1"
  dependencies:
    "is-extendable" "^0.1.0"

"fsevents@~2.3.2":
  "integrity" "sha512-5xoDfX+fL7faATnagmWPpbFtwh/R77WmMMqqHGS65C3vvB0YHrgF+B1YmZ3441tMj5n63k0212XNoJwzlhffQw=="
  "resolved" "https://registry.npmmirror.com/fsevents/-/fsevents-2.3.3.tgz"
  "version" "2.3.3"

"gray-matter@^4.0.3":
  "integrity" "sha512-5v6yZd4JK3eMI3FqqCouswVqwugaA9r4dNZB1wwcmrD02QkV5H0y7XBQW8QwQqEaZY1pM9aqORSORhJRdNK44Q=="
  "resolved" "https://registry.npmmirror.com/gray-matter/-/gray-matter-4.0.3.tgz"
  "version" "4.0.3"
  dependencies:
    "js-yaml" "^3.13.1"
    "kind-of" "^6.0.2"
    "section-matter" "^1.0.0"
    "strip-bom-string" "^1.0.0"

"is-extendable@^0.1.0":
  "integrity" "sha512-5BMULNob1vgFX6EjQw5izWDxrecWK9AM72rugNr0TFldMOi0fj6Jk+zeKIt0xGj4cEfQIJth4w3OKWOJ4f+AFw=="
  "resolved" "https://registry.npmmirror.com/is-extendable/-/is-extendable-0.1.1.tgz"
  "version" "0.1.1"

"js-yaml@^3.13.1":
  "integrity" "sha512-okMH7OXXJ7YrN9Ok3/SXrnu4iX9yOk+25nqX4imS2npuvTYDmo/QEZoqwZkYaIDk3jVvBOTOIEgEhaLOynBS9g=="
  "resolved" "https://registry.npmmirror.com/js-yaml/-/js-yaml-3.14.1.tgz"
  "version" "3.14.1"
  dependencies:
    "argparse" "^1.0.7"
    "esprima" "^4.0.0"

"jsonc-parser@^3.2.0":
  "integrity" "sha512-AilxAyFOAcK5wA1+LeaySVBrHsGQvUFCDWXKpZjzaL0PqW+xfBOttn8GNtWKFWqneyMZj41MWF9Kl6iPWLwgOA=="
  "resolved" "https://registry.npmmirror.com/jsonc-parser/-/jsonc-parser-3.2.1.tgz"
  "version" "3.2.1"

"kind-of@^6.0.0", "kind-of@^6.0.2":
  "integrity" "sha512-dcS1ul+9tmeD95T+x28/ehLgd9mENa3LsvDTtzm3vyBEO7RPptvAD+t44WVXaUjTBRcrpFeFlC8WCruUR456hw=="
  "resolved" "https://registry.npmmirror.com/kind-of/-/kind-of-6.0.3.tgz"
  "version" "6.0.3"

"magic-string@^0.30.5":
  "integrity" "sha512-7xlpfBaQaP/T6Vh8MO/EqXSW5En6INHEvEXQiuff7Gku0PWjU3uf6w/j9o7O+SpB5fOAkrI5HeoNgwjEO0pFsA=="
  "resolved" "https://registry.npmmirror.com/magic-string/-/magic-string-0.30.5.tgz"
  "version" "0.30.5"
  dependencies:
    "@jridgewell/sourcemap-codec" "^1.4.15"

"marked@^11.2.0":
  "integrity" "sha512-HR0m3bvu0jAPYiIvLUUQtdg1g6D247//lvcekpHO1WMvbwDlwSkZAX9Lw4F4YHE1T0HaaNve0tuAWuV1UJ6vtw=="
  "resolved" "https://registry.npmmirror.com/marked/-/marked-11.2.0.tgz"
  "version" "11.2.0"

"nanoid@^3.3.7":
  "integrity" "sha512-eSRppjcPIatRIMC1U6UngP8XFcz8MQWGQdt1MTBQ7NaAmvXDfvNxbvWV3x2y6CdEUciCSsDHDQZbhYaB8QEo2g=="
  "resolved" "https://registry.npmmirror.com/nanoid/-/nanoid-3.3.7.tgz"
  "version" "3.3.7"

"picocolors@^1.0.0":
  "integrity" "sha512-1fygroTLlHu66zi26VoTDv8yRgm0Fccecssto+MhsZ0D/DGW2sm8E8AjW7NU5VVTRt5GxbeZ5qBuJr+HyLYkjQ=="
  "resolved" "https://registry.npmmirror.com/picocolors/-/picocolors-1.0.0.tgz"
  "version" "1.0.0"

"postcss@^8.4.27", "postcss@^8.4.33":
  "integrity" "sha512-Kkpbhhdjw2qQs2O2DGX+8m5OVqEcbB9HRBvuYM9pgrjEFUg30A9LmXNlTAUj4S9kgtGyrMbTzVjH7E+s5Re2yg=="
  "resolved" "https://registry.npmmirror.com/postcss/-/postcss-8.4.33.tgz"
  "version" "8.4.33"
  dependencies:
    "nanoid" "^3.3.7"
    "picocolors" "^1.0.0"
    "source-map-js" "^1.0.2"

"preact@^10.0.0":
  "integrity" "sha512-nHHTeFVBTHRGxJXKkKu5hT8C/YWBkPso4/Gad6xuj5dbptt9iF9NZr9pHbPhBrnT2klheu7mHTxTZ/LjwJiEiQ=="
  "resolved" "https://registry.npmmirror.com/preact/-/preact-10.19.3.tgz"
  "version" "10.19.3"

"rollup@^3.27.1":
  "integrity" "sha512-oWzmBZwvYrU0iJHtDmhsm662rC15FRXmcjCk1xD771dFDx5jJ02ufAQQTn0etB2emNk4J9EZg/yWKpsn9BWGRw=="
  "resolved" "https://registry.npmmirror.com/rollup/-/rollup-3.29.4.tgz"
  "version" "3.29.4"
  optionalDependencies:
    "fsevents" "~2.3.2"

"search-insights@>= 1 < 3":
  "integrity" "sha512-Orrsjf9trHHxFRuo9/rzm0KIWmgzE8RMlZMzuhZOJ01Rnz3D0YBAe+V6473t6/H6c7irs6Lt48brULAiRWb3Vw=="
  "resolved" "https://registry.npmmirror.com/search-insights/-/search-insights-2.13.0.tgz"
  "version" "2.13.0"

"section-matter@^1.0.0":
  "integrity" "sha512-vfD3pmTzGpufjScBh50YHKzEu2lxBWhVEHsNGoEXmCmn2hKGfeNLYMzCJpe8cD7gqX7TJluOVpBkAequ6dgMmA=="
  "resolved" "https://registry.npmmirror.com/section-matter/-/section-matter-1.0.0.tgz"
  "version" "1.0.0"
  dependencies:
    "extend-shallow" "^2.0.1"
    "kind-of" "^6.0.0"

"shiki@^0.14.0":
  "integrity" "sha512-dNPAPrxSc87ua2sKJ3H5dQ/6ZaY8RNnaAqK+t0eG7p0Soi2ydiqbGOTaZCqaYvA/uZYfS1LJnemt3Q+mSfcPCg=="
  "resolved" "https://registry.npmmirror.com/shiki/-/shiki-0.14.7.tgz"
  "version" "0.14.7"
  dependencies:
    "ansi-sequence-parser" "^1.1.0"
    "jsonc-parser" "^3.2.0"
    "vscode-oniguruma" "^1.7.0"
    "vscode-textmate" "^8.0.0"

"source-map-js@^1.0.2":
  "integrity" "sha512-R0XvVJ9WusLiqTCEiGCmICCMplcCkIwwR11mOSD9CR5u+IXYdiseeEuXCVAjS54zqwkLcPNnmU4OeJ6tUrWhDw=="
  "resolved" "https://registry.npmmirror.com/source-map-js/-/source-map-js-1.0.2.tgz"
  "version" "1.0.2"

"sprintf-js@~1.0.2":
  "integrity" "sha512-D9cPgkvLlV3t3IzL0D0YLvGA9Ahk4PcvVwUbN0dSGr1aP0Nrt4AEnTUbuGvquEC0mA64Gqt1fzirlRs5ibXx8g=="
  "resolved" "https://registry.npmmirror.com/sprintf-js/-/sprintf-js-1.0.3.tgz"
  "version" "1.0.3"

"strip-bom-string@^1.0.0":
  "integrity" "sha512-uCC2VHvQRYu+lMh4My/sFNmF2klFymLX1wHJeXnbEJERpV/ZsVuonzerjfrGpIGF7LBVa1O7i9kjiWvJiFck8g=="
  "resolved" "https://registry.npmmirror.com/strip-bom-string/-/strip-bom-string-1.0.0.tgz"
  "version" "1.0.0"

"vite@^4.0.0 || ^5.0.0", "vite@^4.0.4":
  "integrity" "sha512-tBCZBNSBbHQkaGyhGCDUGqeo2ph8Fstyp6FMSvTtsXeZSPpSMGlviAOav2hxVTqFcx8Hj/twtWKsMJXNY0xI8w=="
  "resolved" "https://registry.npmmirror.com/vite/-/vite-4.5.2.tgz"
  "version" "4.5.2"
  dependencies:
    "esbuild" "^0.18.10"
    "postcss" "^8.4.27"
    "rollup" "^3.27.1"
  optionalDependencies:
    "fsevents" "~2.3.2"

"vitepress@1.0.0-alpha.46":
  "integrity" "sha512-HiKiHzC0iTPsRsKs8XcsMeMzCpcCt5LWcX9mpDr288Ju+nQf1G8A2+Wm44ZkBsVv4EHxFK4ChmWyZrL1OJUXpg=="
  "resolved" "https://registry.npmmirror.com/vitepress/-/vitepress-1.0.0-alpha.46.tgz"
  "version" "1.0.0-alpha.46"
  dependencies:
    "@docsearch/css" "^3.3.2"
    "@docsearch/js" "^3.3.2"
    "@vitejs/plugin-vue" "^4.0.0"
    "@vue/devtools-api" "^6.5.0"
    "@vueuse/core" "^9.12.0"
    "body-scroll-lock" "4.0.0-beta.0"
    "shiki" "^0.14.0"
    "vite" "^4.0.4"
    "vue" "^3.2.45"

"vscode-oniguruma@^1.7.0":
  "integrity" "sha512-L9WMGRfrjOhgHSdOYgCt/yRMsXzLDJSL7BPrOZt73gU0iWO4mpqzqQzOz5srxqTvMBaR0XZTSrVWo4j55Rc6cA=="
  "resolved" "https://registry.npmmirror.com/vscode-oniguruma/-/vscode-oniguruma-1.7.0.tgz"
  "version" "1.7.0"

"vscode-textmate@^8.0.0":
  "integrity" "sha512-AFbieoL7a5LMqcnOF04ji+rpXadgOXnZsxQr//r83kLPr7biP7am3g9zbaZIaBGwBRWeSvoMD4mgPdX3e4NWBg=="
  "resolved" "https://registry.npmmirror.com/vscode-textmate/-/vscode-textmate-8.0.0.tgz"
  "version" "8.0.0"

"vue-demi@*":
  "integrity" "sha512-8QA7wrYSHKaYgUxDA5ZC24w+eHm3sYCbp0EzcDwKqN3p6HqtTCGR/GVsPyZW92unff4UlcSh++lmqDWN3ZIq4w=="
  "resolved" "https://registry.npmmirror.com/vue-demi/-/vue-demi-0.14.6.tgz"
  "version" "0.14.6"

"vue@^3.0.0-0 || ^2.6.0", "vue@^3.2.25", "vue@^3.2.41", "vue@^3.2.45", "vue@3.4.15":
  "integrity" "sha512-jC0GH4KkWLWJOEQjOpkqU1bQsBwf4R1rsFtw5GQJbjHVKWDzO6P0nWWBTmjp1xSemAioDFj1jdaK1qa3DnMQoQ=="
  "resolved" "https://registry.npmmirror.com/vue/-/vue-3.4.15.tgz"
  "version" "3.4.15"
  dependencies:
    "@vue/compiler-dom" "3.4.15"
    "@vue/compiler-sfc" "3.4.15"
    "@vue/runtime-dom" "3.4.15"
    "@vue/server-renderer" "3.4.15"
    "@vue/shared" "3.4.15"
